Microsoft Visual Studio Solution File, Format Version 12.00
# Visual Studio Version 17
VisualStudioVersion = 17.5.2.0
MinimumVisualStudioVersion = 10.0.40219.1
Project("{FAE04EC0-301F-11D3-BF4B-00C04F79EFBC}") = "2dGame", "2dGame.csproj", "{7A4292AF-5490-DF22-902F-ED5098E1DF03}"
EndProject
Global
	GlobalSection(SolutionConfigurationPlatforms) = preSolution
		Debug|Any CPU = Debug|Any CPU
		Release|Any CPU = Release|Any CPU
	EndGlobalSection
	GlobalSection(ProjectConfigurationPlatforms) = postSolution
		{7A4292AF-5490-DF22-902F-ED5098E1DF03}.Debug|Any CPU.ActiveCfg = Debug|Any CPU
		{7A4292AF-5490-DF22-902F-ED5098E1DF03}.Debug|Any CPU.Build.0 = Debug|Any CPU
		{7A4292AF-5490-DF22-902F-ED5098E1DF03}.Release|Any CPU.ActiveCfg = Release|Any CPU
		{7A4292AF-5490-DF22-902F-ED5098E1DF03}.Release|Any CPU.Build.0 = Release|Any CPU
	EndGlobalSection
	GlobalSection(SolutionProperties) = preSolution
		HideSolutionNode = FALSE
	EndGlobalSection
	GlobalSection(ExtensibilityGlobals) = postSolution
		SolutionGuid = {7C3995B2-5F5D-4F20-B95C-073B9B7BBA86}
	EndGlobalSection
EndGlobal
